// !$*UTF8*$!
{
	archiveVersion = 1;
	classes = {
	};
	objectVersion = 48;
	objects = {

/* Begin PBXBuildFile section */
		A98E4D80217991D700BE57E0 /* GameManager.swift in Sources */ = {isa = PBXBuildFile; fileRef = A98E4D7F217991D700BE57E0 /* GameManager.swift */; };
		A9F54DD821718AFB00EE3D82 /* AppDelegate.swift in Sources */ = {isa = PBXBuildFile; fileRef = A9F54DD721718AFB00EE3D82 /* AppDelegate.swift */; };
		A9F54DDA21718AFB00EE3D82 /* StartViewController.swift in Sources */ = {isa = PBXBuildFile; fileRef = A9F54DD921718AFB00EE3D82 /* StartViewController.swift */; };
		A9F54DDD21718AFB00EE3D82 /* Main.storyboard in Resources */ = {isa = PBXBuildFile; fileRef = A9F54DDB21718AFB00EE3D82 /* Main.storyboard */; };
		A9F54DDF21718AFC00EE3D82 /* Assets.xcassets in Resources */ = {isa = PBXBuildFile; fileRef = A9F54DDE21718AFC00EE3D82 /* Assets.xcassets */; };
		A9F54DE221718AFC00EE3D82 /* LaunchScreen.storyboard in Resources */ = {isa = PBXBuildFile; fileRef = A9F54DE021718AFC00EE3D82 /* LaunchScreen.storyboard */; };
		A9F54DEA2175873200EE3D82 /* GameViewController.swift in Sources */ = {isa = PBXBuildFile; fileRef = A9F54DE92175873200EE3D82 /* GameViewController.swift */; };
		A9FD8D2B21783DBB007B03D9 /* GameToolStatus.swift in Sources */ = {isa = PBXBuildFile; fileRef = A9FD8D2421783DBA007B03D9 /* GameToolStatus.swift */; };
		A9FD8D2C21783DBB007B03D9 /* ToolStatus.swift in Sources */ = {isa = PBXBuildFile; fileRef = A9FD8D2521783DBA007B03D9 /* ToolStatus.swift */; };
		A9FD8D2D21783DBB007B03D9 /* RulesMaker.swift in Sources */ = {isa = PBXBuildFile; fileRef = A9FD8D2621783DBA007B03D9 /* RulesMaker.swift */; };
		A9FD8D2E21783DBB007B03D9 /* Utilities.swift in Sources */ = {isa = PBXBuildFile; fileRef = A9FD8D2721783DBA007B03D9 /* Utilities.swift */; };
		A9FD8D2F21783DBB007B03D9 /* OutCome.swift in Sources */ = {isa = PBXBuildFile; fileRef = A9FD8D2821783DBA007B03D9 /* OutCome.swift */; };
		A9FD8D3121783DBB007B03D9 /* Player.swift in Sources */ = {isa = PBXBuildFile; fileRef = A9FD8D2A21783DBB007B03D9 /* Player.swift */; };
		A9FD8D3821783DDD007B03D9 /* Turn.swift in Sources */ = {isa = PBXBuildFile; fileRef = A9FD8D3421783DDD007B03D9 /* Turn.swift */; };
		A9FD8D3921783DDD007B03D9 /* RPSGAME.swift in Sources */ = {isa = PBXBuildFile; fileRef = A9FD8D3521783DDD007B03D9 /* RPSGAME.swift */; };
		A9FD8D4021783EA0007B03D9 /* Selection.swift in Sources */ = {isa = PBXBuildFile; fileRef = A9FD8D3F21783EA0007B03D9 /* Selection.swift */; };
		BA6570DF217AD22D006E6530 /* GameViewControllerPresenter.swift in Sources */ = {isa = PBXBuildFile; fileRef = BA6570DE217AD22D006E6530 /* GameViewControllerPresenter.swift */; };
		BA6570E1217AD255006E6530 /* StartViewControllerPresenter.swift in Sources */ = {isa = PBXBuildFile; fileRef = BA6570E0217AD255006E6530 /* StartViewControllerPresenter.swift */; };
		BA6570E3217AD2A2006E6530 /* ViewControllerPresenter.swift in Sources */ = {isa = PBXBuildFile; fileRef = BA6570E2217AD2A2006E6530 /* ViewControllerPresenter.swift */; };
		BA6570E6217AD4F1006E6530 /* ViewModel.swift in Sources */ = {isa = PBXBuildFile; fileRef = BA6570E5217AD4F1006E6530 /* ViewModel.swift */; };
		BA6570E8217AD523006E6530 /* GameViewModel.swift in Sources */ = {isa = PBXBuildFile; fileRef = BA6570E7217AD523006E6530 /* GameViewModel.swift */; };
		BA6570EA217AD829006E6530 /* SymbolViewModel.swift in Sources */ = {isa = PBXBuildFile; fileRef = BA6570E9217AD829006E6530 /* SymbolViewModel.swift */; };
		BA6570EC217AE828006E6530 /* Constants.swift in Sources */ = {isa = PBXBuildFile; fileRef = BA6570EB217AE828006E6530 /* Constants.swift */; };
/* End PBXBuildFile section */

/* Begin PBXFileReference section */
		A98E4D7F217991D700BE57E0 /* GameManager.swift */ = {isa = PBXFileReference; lastKnownFileType = sourcecode.swift; path = GameManager.swift; sourceTree = "<group>"; };
		A9F54DD421718AFB00EE3D82 /* GameApp.app */ = {isa = PBXFileReference; explicitFileType = wrapper.application; includeInIndex = 0; path = GameApp.app; sourceTree = BUILT_PRODUCTS_DIR; };
		A9F54DD721718AFB00EE3D82 /* AppDelegate.swift */ = {isa = PBXFileReference; lastKnownFileType = sourcecode.swift; path = AppDelegate.swift; sourceTree = "<group>"; };
		A9F54DD921718AFB00EE3D82 /* StartViewController.swift */ = {isa = PBXFileReference; lastKnownFileType = sourcecode.swift; path = StartViewController.swift; sourceTree = "<group>"; };
		A9F54DDC21718AFB00EE3D82 /* Base */ = {isa = PBXFileReference; lastKnownFileType = file.storyboard; name = Base; path = Base.lproj/Main.storyboard; sourceTree = "<group>"; };
		A9F54DDE21718AFC00EE3D82 /* Assets.xcassets */ = {isa = PBXFileReference; lastKnownFileType = folder.assetcatalog; path = Assets.xcassets; sourceTree = "<group>"; };
		A9F54DE121718AFC00EE3D82 /* Base */ = {isa = PBXFileReference; lastKnownFileType = file.storyboard; name = Base; path = Base.lproj/LaunchScreen.storyboard; sourceTree = "<group>"; };
		A9F54DE321718AFC00EE3D82 /* Info.plist */ = {isa = PBXFileReference; lastKnownFileType = text.plist.xml; path = Info.plist; sourceTree = "<group>"; };
		A9F54DE92175873200EE3D82 /* GameViewController.swift */ = {isa = PBXFileReference; lastKnownFileType = sourcecode.swift; path = GameViewController.swift; sourceTree = "<group>"; };
		A9FD8D2421783DBA007B03D9 /* GameToolStatus.swift */ = {isa = PBXFileReference; fileEncoding = 4; lastKnownFileType = sourcecode.swift; path = GameToolStatus.swift; sourceTree = "<group>"; };
		A9FD8D2521783DBA007B03D9 /* ToolStatus.swift */ = {isa = PBXFileReference; fileEncoding = 4; lastKnownFileType = sourcecode.swift; path = ToolStatus.swift; sourceTree = "<group>"; };
		A9FD8D2621783DBA007B03D9 /* RulesMaker.swift */ = {isa = PBXFileReference; fileEncoding = 4; lastKnownFileType = sourcecode.swift; path = RulesMaker.swift; sourceTree = "<group>"; };
		A9FD8D2721783DBA007B03D9 /* Utilities.swift */ = {isa = PBXFileReference; fileEncoding = 4; lastKnownFileType = sourcecode.swift; path = Utilities.swift; sourceTree = "<group>"; };
		A9FD8D2821783DBA007B03D9 /* OutCome.swift */ = {isa = PBXFileReference; fileEncoding = 4; lastKnownFileType = sourcecode.swift; path = OutCome.swift; sourceTree = "<group>"; };
		A9FD8D2A21783DBB007B03D9 /* Player.swift */ = {isa = PBXFileReference; fileEncoding = 4; lastKnownFileType = sourcecode.swift; path = Player.swift; sourceTree = "<group>"; };
		A9FD8D3421783DDD007B03D9 /* Turn.swift */ = {isa = PBXFileReference; fileEncoding = 4; lastKnownFileType = sourcecode.swift; path = Turn.swift; sourceTree = "<group>"; };
		A9FD8D3521783DDD007B03D9 /* RPSGAME.swift */ = {isa = PBXFileReference; fileEncoding = 4; lastKnownFileType = sourcecode.swift; path = RPSGAME.swift; sourceTree = "<group>"; };
		A9FD8D3F21783EA0007B03D9 /* Selection.swift */ = {isa = PBXFileReference; lastKnownFileType = sourcecode.swift; path = Selection.swift; sourceTree = "<group>"; };
		BA6570DE217AD22D006E6530 /* GameViewControllerPresenter.swift */ = {isa = PBXFileReference; lastKnownFileType = sourcecode.swift; path = GameViewControllerPresenter.swift; sourceTree = "<group>"; };
		BA6570E0217AD255006E6530 /* StartViewControllerPresenter.swift */ = {isa = PBXFileReference; lastKnownFileType = sourcecode.swift; path = StartViewControllerPresenter.swift; sourceTree = "<group>"; };
		BA6570E2217AD2A2006E6530 /* ViewControllerPresenter.swift */ = {isa = PBXFileReference; lastKnownFileType = sourcecode.swift; path = ViewControllerPresenter.swift; sourceTree = "<group>"; };
		BA6570E5217AD4F1006E6530 /* ViewModel.swift */ = {isa = PBXFileReference; lastKnownFileType = sourcecode.swift; path = ViewModel.swift; sourceTree = "<group>"; };
		BA6570E7217AD523006E6530 /* GameViewModel.swift */ = {isa = PBXFileReference; lastKnownFileType = sourcecode.swift; path = GameViewModel.swift; sourceTree = "<group>"; };
		BA6570E9217AD829006E6530 /* SymbolViewModel.swift */ = {isa = PBXFileReference; lastKnownFileType = sourcecode.swift; path = SymbolViewModel.swift; sourceTree = "<group>"; };
		BA6570EB217AE828006E6530 /* Constants.swift */ = {isa = PBXFileReference; lastKnownFileType = sourcecode.swift; path = Constants.swift; sourceTree = "<group>"; };
/* End PBXFileReference section */

/* Begin PBXFrameworksBuildPhase section */
		A9F54DD121718AFB00EE3D82 /* Frameworks */ = {
			isa = PBXFrameworksBuildPhase;
			buildActionMask = 2147483647;
			files = (
			);
			runOnlyForDeploymentPostprocessing = 0;
		};
/* End PBXFrameworksBuildPhase section */

/* Begin PBXGroup section */
		A9F54DCB21718AFB00EE3D82 = {
			isa = PBXGroup;
			children = (
				A9F54DD621718AFB00EE3D82 /* GameApp */,
				A9F54DD521718AFB00EE3D82 /* Products */,
			);
			sourceTree = "<group>";
		};
		A9F54DD521718AFB00EE3D82 /* Products */ = {
			isa = PBXGroup;
			children = (
				A9F54DD421718AFB00EE3D82 /* GameApp.app */,
			);
			name = Products;
			sourceTree = "<group>";
		};
		A9F54DD621718AFB00EE3D82 /* GameApp */ = {
			isa = PBXGroup;
			children = (
				BA6570E4217AD4C0006E6530 /* viewmodels */,
				BA6570DD217AD1EE006E6530 /* presenters */,
				A9FD8D3E21783E6D007B03D9 /* models */,
				A9FD8D3A21783DF6007B03D9 /* controllers */,
				A9FD8D3421783DDD007B03D9 /* Turn.swift */,
				A9FD8D3B21783E1A007B03D9 /* enums */,
				A9FD8D2721783DBA007B03D9 /* Utilities.swift */,
				A9F54DD721718AFB00EE3D82 /* AppDelegate.swift */,
				A9F54DDB21718AFB00EE3D82 /* Main.storyboard */,
				A9F54DDE21718AFC00EE3D82 /* Assets.xcassets */,
				A9F54DE021718AFC00EE3D82 /* LaunchScreen.storyboard */,
				A9F54DE321718AFC00EE3D82 /* Info.plist */,
				BA6570EB217AE828006E6530 /* Constants.swift */,
			);
			path = GameApp;
			sourceTree = "<group>";
		};
		A9FD8D3A21783DF6007B03D9 /* controllers */ = {
			isa = PBXGroup;
			children = (
				A9F54DE92175873200EE3D82 /* GameViewController.swift */,
				A9F54DD921718AFB00EE3D82 /* StartViewController.swift */,
				A98E4D7F217991D700BE57E0 /* GameManager.swift */,
			);
			path = controllers;
			sourceTree = "<group>";
		};
		A9FD8D3B21783E1A007B03D9 /* enums */ = {
			isa = PBXGroup;
			children = (
				A9FD8D2821783DBA007B03D9 /* OutCome.swift */,
				A9FD8D2521783DBA007B03D9 /* ToolStatus.swift */,
				A9FD8D3F21783EA0007B03D9 /* Selection.swift */,
			);
			path = enums;
			sourceTree = "<group>";
		};
		A9FD8D3E21783E6D007B03D9 /* models */ = {
			isa = PBXGroup;
			children = (
				A9FD8D2421783DBA007B03D9 /* GameToolStatus.swift */,
				A9FD8D3521783DDD007B03D9 /* RPSGAME.swift */,
				A9FD8D2A21783DBB007B03D9 /* Player.swift */,
				A9FD8D2621783DBA007B03D9 /* RulesMaker.swift */,
			);
			path = models;
			sourceTree = "<group>";
		};
		BA6570DD217AD1EE006E6530 /* presenters */ = {
			isa = PBXGroup;
			children = (
				BA6570DE217AD22D006E6530 /* GameViewControllerPresenter.swift */,
				BA6570E0217AD255006E6530 /* StartViewControllerPresenter.swift */,
				BA6570E2217AD2A2006E6530 /* ViewControllerPresenter.swift */,
			);
			path = presenters;
			sourceTree = "<group>";
		};
		BA6570E4217AD4C0006E6530 /* viewmodels */ = {
			isa = PBXGroup;
			children = (
				BA6570E5217AD4F1006E6530 /* ViewModel.swift */,
				BA6570E7217AD523006E6530 /* GameViewModel.swift */,
				BA6570E9217AD829006E6530 /* SymbolViewModel.swift */,
			);
			path = viewmodels;
			sourceTree = "<group>";
		};
/* End PBXGroup section */

/* Begin PBXNativeTarget section */
		A9F54DD321718AFB00EE3D82 /* GameApp */ = {
			isa = PBXNativeTarget;
			buildConfigurationList = A9F54DE621718AFD00EE3D82 /* Build configuration list for PBXNativeTarget "GameApp" */;
			buildPhases = (
				A9F54DD021718AFB00EE3D82 /* Sources */,
				A9F54DD121718AFB00EE3D82 /* Frameworks */,
				A9F54DD221718AFB00EE3D82 /* Resources */,
			);
			buildRules = (
			);
			dependencies = (
			);
			name = GameApp;
			productName = GameApp;
			productReference = A9F54DD421718AFB00EE3D82 /* GameApp.app */;
			productType = "com.apple.product-type.application";
		};
/* End PBXNativeTarget section */

/* Begin PBXProject section */
		A9F54DCC21718AFB00EE3D82 /* Project object */ = {
			isa = PBXProject;
			attributes = {
				LastSwiftUpdateCheck = 0940;
				LastUpgradeCheck = 0940;
				ORGANIZATIONNAME = "Davoodi, Alireza";
				TargetAttributes = {
					A9F54DD321718AFB00EE3D82 = {
						CreatedOnToolsVersion = 9.4.1;
						ProvisioningStyle = Automatic;
					};
				};
			};
			buildConfigurationList = A9F54DCF21718AFB00EE3D82 /* Build configuration list for PBXProject "GameApp" */;
			compatibilityVersion = "Xcode 8.0";
			developmentRegion = en;
			hasScannedForEncodings = 0;
			knownRegions = (
				en,
				Base,
			);
			mainGroup = A9F54DCB21718AFB00EE3D82;
			productRefGroup = A9F54DD521718AFB00EE3D82 /* Products */;
			projectDirPath = "";
			projectRoot = "";
			targets = (
				A9F54DD321718AFB00EE3D82 /* GameApp */,
			);
		};
/* End PBXProject section */

/* Begin PBXResourcesBuildPhase section */
		A9F54DD221718AFB00EE3D82 /* Resources */ = {
			isa = PBXResourcesBuildPhase;
			buildActionMask = 2147483647;
			files = (
				A9F54DE221718AFC00EE3D82 /* LaunchScreen.storyboard in Resources */,
				A9F54DDF21718AFC00EE3D82 /* Assets.xcassets in Resources */,
				A9F54DDD21718AFB00EE3D82 /* Main.storyboard in Resources */,
			);
			runOnlyForDeploymentPostprocessing = 0;
		};
/* End PBXResourcesBuildPhase section */

/* Begin PBXSourcesBuildPhase section */
		A9F54DD021718AFB00EE3D82 /* Sources */ = {
			isa = PBXSourcesBuildPhase;
			buildActionMask = 2147483647;
			files = (
				BA6570E8217AD523006E6530 /* GameViewModel.swift in Sources */,
				A9FD8D4021783EA0007B03D9 /* Selection.swift in Sources */,
				A9FD8D2D21783DBB007B03D9 /* RulesMaker.swift in Sources */,
				A9F54DDA21718AFB00EE3D82 /* StartViewController.swift in Sources */,
				A9FD8D2E21783DBB007B03D9 /* Utilities.swift in Sources */,
				BA6570EA217AD829006E6530 /* SymbolViewModel.swift in Sources */,
				A9F54DEA2175873200EE3D82 /* GameViewController.swift in Sources */,
				BA6570DF217AD22D006E6530 /* GameViewControllerPresenter.swift in Sources */,
				BA6570E6217AD4F1006E6530 /* ViewModel.swift in Sources */,
				A9FD8D3821783DDD007B03D9 /* Turn.swift in Sources */,
				A9FD8D2F21783DBB007B03D9 /* OutCome.swift in Sources */,
				A9F54DD821718AFB00EE3D82 /* AppDelegate.swift in Sources */,
				A9FD8D2C21783DBB007B03D9 /* ToolStatus.swift in Sources */,
				BA6570E1217AD255006E6530 /* StartViewControllerPresenter.swift in Sources */,
				A9FD8D3121783DBB007B03D9 /* Player.swift in Sources */,
				BA6570EC217AE828006E6530 /* Constants.swift in Sources */,
				A9FD8D2B21783DBB007B03D9 /* GameToolStatus.swift in Sources */,
				A9FD8D3921783DDD007B03D9 /* RPSGAME.swift in Sources */,
				A98E4D80217991D700BE57E0 /* GameManager.swift in Sources */,
				BA6570E3217AD2A2006E6530 /* ViewControllerPresenter.swift in Sources */,
			);
			runOnlyForDeploymentPostprocessing = 0;
		};
/* End PBXSourcesBuildPhase section */

/* Begin PBXVariantGroup section */
		A9F54DDB21718AFB00EE3D82 /* Main.storyboard */ = {
			isa = PBXVariantGroup;
			children = (
				A9F54DDC21718AFB00EE3D82 /* Base */,
			);
			name = Main.storyboard;
			sourceTree = "<group>";
		};
		A9F54DE021718AFC00EE3D82 /* LaunchScreen.storyboard */ = {
			isa = PBXVariantGroup;
			children = (
				A9F54DE121718AFC00EE3D82 /* Base */,
			);
			name = LaunchScreen.storyboard;
			sourceTree = "<group>";
		};
/* End PBXVariantGroup section */

/* Begin XCBuildConfiguration section */
		A9F54DE421718AFD00EE3D82 /* Debug */ = {
			isa = XCBuildConfiguration;
			buildSettings = {
				ALWAYS_SEARCH_USER_PATHS = NO;
				CLANG_ANALYZER_NONNULL = YES;
				CLANG_ANALYZER_NUMBER_OBJECT_CONVERSION = YES_AGGRESSIVE;
				CLANG_CXX_LANGUAGE_STANDARD = "gnu++14";
				CLANG_CXX_LIBRARY = "libc++";
				CLANG_ENABLE_MODULES = YES;
				CLANG_ENABLE_OBJC_ARC = YES;
				CLANG_ENABLE_OBJC_WEAK = YES;
				CLANG_WARN_BLOCK_CAPTURE_AUTORELEASING = YES;
				CLANG_WARN_BOOL_CONVERSION = YES;
				CLANG_WARN_COMMA = YES;
				CLANG_WARN_CONSTANT_CONVERSION = YES;
				CLANG_WARN_DEPRECATED_OBJC_IMPLEMENTATIONS = YES;
				CLANG_WARN_DIRECT_OBJC_ISA_USAGE = YES_ERROR;
				CLANG_WARN_DOCUMENTATION_COMMENTS = YES;
				CLANG_WARN_EMPTY_BODY = YES;
				CLANG_WARN_ENUM_CONVERSION = YES;
				CLANG_WARN_INFINITE_RECURSION = YES;
				CLANG_WARN_INT_CONVERSION = YES;
				CLANG_WARN_NON_LITERAL_NULL_CONVERSION = YES;
				CLANG_WARN_OBJC_IMPLICIT_RETAIN_SELF = YES;
				CLANG_WARN_OBJC_LITERAL_CONVERSION = YES;
				CLANG_WARN_OBJC_ROOT_CLASS = YES_ERROR;
				CLANG_WARN_RANGE_LOOP_ANALYSIS = YES;
				CLANG_WARN_STRICT_PROTOTYPES = YES;
				CLANG_WARN_SUSPICIOUS_MOVE = YES;
				CLANG_WARN_UNGUARDED_AVAILABILITY = YES_AGGRESSIVE;
				CLANG_WARN_UNREACHABLE_CODE = YES;
				CLANG_WARN__DUPLICATE_METHOD_MATCH = YES;
				CODE_SIGN_IDENTITY = "iPhone Developer";
				COPY_PHASE_STRIP = NO;
				DEBUG_INFORMATION_FORMAT = dwarf;
				ENABLE_STRICT_OBJC_MSGSEND = YES;
				ENABLE_TESTABILITY = YES;
				GCC_C_LANGUAGE_STANDARD = gnu11;
				GCC_DYNAMIC_NO_PIC = NO;
				GCC_NO_COMMON_BLOCKS = YES;
				GCC_OPTIMIZATION_LEVEL = 0;
				GCC_PREPROCESSOR_DEFINITIONS = (
					"DEBUG=1",
					"$(inherited)",
				);
				GCC_WARN_64_TO_32_BIT_CONVERSION = YES;
				GCC_WARN_ABOUT_RETURN_TYPE = YES_ERROR;
				GCC_WARN_UNDECLARED_SELECTOR = YES;
				GCC_WARN_UNINITIALIZED_AUTOS = YES_AGGRESSIVE;
				GCC_WARN_UNUSED_FUNCTION = YES;
				GCC_WARN_UNUSED_VARIABLE = YES;
				IPHONEOS_DEPLOYMENT_TARGET = 11.4;
				MTL_ENABLE_DEBUG_INFO = YES;
				ONLY_ACTIVE_ARCH = YES;
				SDKROOT = iphoneos;
				SWIFT_ACTIVE_COMPILATION_CONDITIONS = DEBUG;
				SWIFT_OPTIMIZATION_LEVEL = "-Onone";
			};
			name = Debug;
		};
		A9F54DE521718AFD00EE3D82 /* Release */ = {
			isa = XCBuildConfiguration;
			buildSettings = {
				ALWAYS_SEARCH_USER_PATHS = NO;
				CLANG_ANALYZER_NONNULL = YES;
				CLANG_ANALYZER_NUMBER_OBJECT_CONVERSION = YES_AGGRESSIVE;
				CLANG_CXX_LANGUAGE_STANDARD = "gnu++14";
				CLANG_CXX_LIBRARY = "libc++";
				CLANG_ENABLE_MODULES = YES;
				CLANG_ENABLE_OBJC_ARC = YES;
				CLANG_ENABLE_OBJC_WEAK = YES;
				CLANG_WARN_BLOCK_CAPTURE_AUTORELEASING = YES;
				CLANG_WARN_BOOL_CONVERSION = YES;
				CLANG_WARN_COMMA = YES;
				CLANG_WARN_CONSTANT_CONVERSION = YES;
				CLANG_WARN_DEPRECATED_OBJC_IMPLEMENTATIONS = YES;
				CLANG_WARN_DIRECT_OBJC_ISA_USAGE = YES_ERROR;
				CLANG_WARN_DOCUMENTATION_COMMENTS = YES;
				CLANG_WARN_EMPTY_BODY = YES;
				CLANG_WARN_ENUM_CONVERSION = YES;
				CLANG_WARN_INFINITE_RECURSION = YES;
				CLANG_WARN_INT_CONVERSION = YES;
				CLANG_WARN_NON_LITERAL_NULL_CONVERSION = YES;
				CLANG_WARN_OBJC_IMPLICIT_RETAIN_SELF = YES;
				CLANG_WARN_OBJC_LITERAL_CONVERSION = YES;
				CLANG_WARN_OBJC_ROOT_CLASS = YES_ERROR;
				CLANG_WARN_RANGE_LOOP_ANALYSIS = YES;
				CLANG_WARN_STRICT_PROTOTYPES = YES;
				CLANG_WARN_SUSPICIOUS_MOVE = YES;
				CLANG_WARN_UNGUARDED_AVAILABILITY = YES_AGGRESSIVE;
				CLANG_WARN_UNREACHABLE_CODE = YES;
				CLANG_WARN__DUPLICATE_METHOD_MATCH = YES;
				CODE_SIGN_IDENTITY = "iPhone Developer";
				COPY_PHASE_STRIP = NO;
				DEBUG_INFORMATION_FORMAT = "dwarf-with-dsym";
				ENABLE_NS_ASSERTIONS = NO;
				ENABLE_STRICT_OBJC_MSGSEND = YES;
				GCC_C_LANGUAGE_STANDARD = gnu11;
				GCC_NO_COMMON_BLOCKS = YES;
				GCC_WARN_64_TO_32_BIT_CONVERSION = YES;
				GCC_WARN_ABOUT_RETURN_TYPE = YES_ERROR;
				GCC_WARN_UNDECLARED_SELECTOR = YES;
				GCC_WARN_UNINITIALIZED_AUTOS = YES_AGGRESSIVE;
				GCC_WARN_UNUSED_FUNCTION = YES;
				GCC_WARN_UNUSED_VARIABLE = YES;
				IPHONEOS_DEPLOYMENT_TARGET = 11.4;
				MTL_ENABLE_DEBUG_INFO = NO;
				SDKROOT = iphoneos;
				SWIFT_OPTIMIZATION_LEVEL = "-Owholemodule";
				VALIDATE_PRODUCT = YES;
			};
			name = Release;
		};
		A9F54DE721718AFD00EE3D82 /* Debug */ = {
			isa = XCBuildConfiguration;
			buildSettings = {
				ASSETCATALOG_COMPILER_APPICON_NAME = AppIcon;
				CODE_SIGN_STYLE = Automatic;
				DEVELOPMENT_TEAM = SD6V9UC9NN;
				INFOPLIST_FILE = GameApp/Info.plist;
				LD_RUNPATH_SEARCH_PATHS = "$(inherited) @executable_path/Frameworks";
				PRODUCT_BUNDLE_IDENTIFIER = ca.ciccc.wamp.ali.GameApp;
				PRODUCT_NAME = "$(TARGET_NAME)";
				SWIFT_VERSION = 4.0;
				TARGETED_DEVICE_FAMILY = "1,2";
			};
			name = Debug;
		};
		A9F54DE821718AFD00EE3D82 /* Release */ = {
			isa = XCBuildConfiguration;
			buildSettings = {
				ASSETCATALOG_COMPILER_APPICON_NAME = AppIcon;
				CODE_SIGN_STYLE = Automatic;
				DEVELOPMENT_TEAM = SD6V9UC9NN;
				INFOPLIST_FILE = GameApp/Info.plist;
				LD_RUNPATH_SEARCH_PATHS = "$(inherited) @executable_path/Frameworks";
				PRODUCT_BUNDLE_IDENTIFIER = ca.ciccc.wamp.ali.GameApp;
				PRODUCT_NAME = "$(TARGET_NAME)";
				SWIFT_VERSION = 4.0;
				TARGETED_DEVICE_FAMILY = "1,2";
			};
			name = Release;
		};
/* End XCBuildConfiguration section */

/* Begin XCConfigurationList section */
		A9F54DCF21718AFB00EE3D82 /* Build configuration list for PBXProject "GameApp" */ = {
			isa = XCConfigurationList;
			buildConfigurations = (
				A9F54DE421718AFD00EE3D82 /* Debug */,
				A9F54DE521718AFD00EE3D82 /* Release */,
			);
			defaultConfigurationIsVisible = 0;
			defaultConfigurationName = Release;
		};
		A9F54DE621718AFD00EE3D82 /* Build configuration list for PBXNativeTarget "GameApp" */ = {
			isa = XCConfigurationList;
			buildConfigurations = (
				A9F54DE721718AFD00EE3D82 /* Debug */,
				A9F54DE821718AFD00EE3D82 /* Release */,
			);
			defaultConfigurationIsVisible = 0;
			defaultConfigurationName = Release;
		};
/* End XCConfigurationList section */
	};
	rootObject = A9F54DCC21718AFB00EE3D82 /* Project object */;
}
